
Microsoft Visual Studio Solution File, Format Version 12.00
# Visual Studio 15
VisualStudioVersion = 15.0.28306.52
MinimumVisualStudioVersion = 10.0.40219.1
Project("{2150E333-8FDC-42A3-9474-1A3956D46DE8}") = "src", "src", "{3CED4B5E-DB29-46B9-9BDE-9DBABBDC364B}"
EndProject
Project("{2150E333-8FDC-42A3-9474-1A3956D46DE8}") = "test", "test", "{1FAC3304-BC9B-4C8C-8F68-740D2AD2C8F3}"
EndProject
Project("{2150E333-8FDC-42A3-9474-1A3956D46DE8}") = "Core", "Core", "{5400D353-CDEB-4EAC-9D7E-200502C06556}"
EndProject
Project("{2150E333-8FDC-42A3-9474-1A3956D46DE8}") = "Modules", "Modules", "{3E3ACB84-2601-419B-9EB8-7E289E040E62}"
EndProject
Project("{9A19103F-16F7-4668-BE54-9A1E7A4F7556}") = "Platypus.Users", "src\Modules\Platypus.Users\Platypus.Users.csproj", "{A43920C6-7862-454D-850B-42473D39EA0B}"
EndProject
Project("{9A19103F-16F7-4668-BE54-9A1E7A4F7556}") = "Platypus.Admin.Web", "src\Platypus.Admin.Web\Platypus.Admin.Web.csproj", "{4D5B363D-0D11-4936-8127-B65F9819AF56}"
EndProject
Project("{9A19103F-16F7-4668-BE54-9A1E7A4F7556}") = "Platypus.Cms.Web", "src\Platypus.Cms.Web\Platypus.Cms.Web.csproj", "{AF1B9B2E-5D97-49C3-87C3-EACFCBE196BF}"
EndProject
Project("{9A19103F-16F7-4668-BE54-9A1E7A4F7556}") = "Platypus.Users.Abstractions", "src\Core\Platypus.Users.Abstractions\Platypus.Users.Abstractions.csproj", "{4C844AD1-E106-4832-9B04-F4BCAB754484}"
EndProject
Project("{9A19103F-16F7-4668-BE54-9A1E7A4F7556}") = "Platypus.Users.Core", "src\Core\Platypus.Users.Core\Platypus.Users.Core.csproj", "{CB7DA117-3A15-48C3-AFFA-1B844E4D1F55}"
EndProject
Project("{9A19103F-16F7-4668-BE54-9A1E7A4F7556}") = "Platypus.Abstractions", "src\Core\Platypus.Abstractions\Platypus.Abstractions.csproj", "{8577A640-27E6-44FF-8D82-6692D4F86BC1}"
EndProject
Project("{9A19103F-16F7-4668-BE54-9A1E7A4F7556}") = "Platypus", "src\Core\Platypus\Platypus.csproj", "{571D5A8C-14AF-47C7-929E-BD457B27C41C}"
EndProject
Project("{9A19103F-16F7-4668-BE54-9A1E7A4F7556}") = "Platypus.Admin.Abstractions", "src\Core\Platypus.Admin.Abstractions\Platypus.Admin.Abstractions.csproj", "{09EBB573-7564-4D6D-B3DB-608394E2B7B3}"
EndProject
Project("{2150E333-8FDC-42A3-9474-1A3956D46DE8}") = "Targets", "Targets", "{F526042E-F1C9-47F4-8064-3226451AC350}"
EndProject
Project("{9A19103F-16F7-4668-BE54-9A1E7A4F7556}") = "Platypus.Application.Cms.Targets", "src\Targets\Platypus.Application.Cms.Targets\Platypus.Application.Cms.Targets.csproj", "{9AFF92A8-706F-4641-9E5F-835FA77046E2}"
EndProject
Project("{9A19103F-16F7-4668-BE54-9A1E7A4F7556}") = "Platypus.Application.Admin.Targets", "src\Targets\Platypus.Application.Admin.Targets\Platypus.Application.Admin.Targets.csproj", "{CB6FE3CB-D537-4146-8414-7B7581FAE1A9}"
EndProject
Project("{2150E333-8FDC-42A3-9474-1A3956D46DE8}") = "Themes", "Themes", "{16EA6930-A98C-42CE-ADEC-2642E2F32FF6}"
EndProject
Project("{9A19103F-16F7-4668-BE54-9A1E7A4F7556}") = "TablerTheme", "src\Themes\TablerTheme\TablerTheme.csproj", "{7713983B-C2B4-492B-AD33-8DB4DAD7336D}"
EndProject
Project("{9A19103F-16F7-4668-BE54-9A1E7A4F7556}") = "Platypus.Settings", "src\Modules\Platypus.Settings\Platypus.Settings.csproj", "{46FA9D4C-E393-4E53-B95F-BC0223C56793}"
EndProject
Project("{2150E333-8FDC-42A3-9474-1A3956D46DE8}") = "Frameworks", "Frameworks", "{6EE8B34B-8E30-4F48-9CDF-35B1147C9ECD}"
EndProject
Project("{FAE04EC0-301F-11D3-BF4B-00C04F79EFBC}") = "Platypus.Mvc.Core", "src\Frameworks\Platypus.Mvc.Core\Platypus.Mvc.Core.csproj", "{01E8315B-7FDD-479D-880F-3D30B6ED993F}"
EndProject
Project("{FAE04EC0-301F-11D3-BF4B-00C04F79EFBC}") = "Platypus.Module.Targets", "src\Targets\Platypus.Module.Targets\Platypus.Module.Targets.csproj", "{73D64D81-2FB8-42E3-A5D2-F4C647ED6FD1}"
EndProject
Global
	GlobalSection(SolutionConfigurationPlatforms) = preSolution
		Debug|Any CPU = Debug|Any CPU
		Release|Any CPU = Release|Any CPU
	EndGlobalSection
	GlobalSection(ProjectConfigurationPlatforms) = postSolution
		{A43920C6-7862-454D-850B-42473D39EA0B}.Debug|Any CPU.ActiveCfg = Debug|Any CPU
		{A43920C6-7862-454D-850B-42473D39EA0B}.Debug|Any CPU.Build.0 = Debug|Any CPU
		{A43920C6-7862-454D-850B-42473D39EA0B}.Release|Any CPU.ActiveCfg = Release|Any CPU
		{A43920C6-7862-454D-850B-42473D39EA0B}.Release|Any CPU.Build.0 = Release|Any CPU
		{4D5B363D-0D11-4936-8127-B65F9819AF56}.Debug|Any CPU.ActiveCfg = Debug|Any CPU
		{4D5B363D-0D11-4936-8127-B65F9819AF56}.Debug|Any CPU.Build.0 = Debug|Any CPU
		{4D5B363D-0D11-4936-8127-B65F9819AF56}.Release|Any CPU.ActiveCfg = Release|Any CPU
		{4D5B363D-0D11-4936-8127-B65F9819AF56}.Release|Any CPU.Build.0 = Release|Any CPU
		{AF1B9B2E-5D97-49C3-87C3-EACFCBE196BF}.Debug|Any CPU.ActiveCfg = Debug|Any CPU
		{AF1B9B2E-5D97-49C3-87C3-EACFCBE196BF}.Debug|Any CPU.Build.0 = Debug|Any CPU
		{AF1B9B2E-5D97-49C3-87C3-EACFCBE196BF}.Release|Any CPU.ActiveCfg = Release|Any CPU
		{AF1B9B2E-5D97-49C3-87C3-EACFCBE196BF}.Release|Any CPU.Build.0 = Release|Any CPU
		{4C844AD1-E106-4832-9B04-F4BCAB754484}.Debug|Any CPU.ActiveCfg = Debug|Any CPU
		{4C844AD1-E106-4832-9B04-F4BCAB754484}.Debug|Any CPU.Build.0 = Debug|Any CPU
		{4C844AD1-E106-4832-9B04-F4BCAB754484}.Release|Any CPU.ActiveCfg = Release|Any CPU
		{4C844AD1-E106-4832-9B04-F4BCAB754484}.Release|Any CPU.Build.0 = Release|Any CPU
		{CB7DA117-3A15-48C3-AFFA-1B844E4D1F55}.Debug|Any CPU.ActiveCfg = Debug|Any CPU
		{CB7DA117-3A15-48C3-AFFA-1B844E4D1F55}.Debug|Any CPU.Build.0 = Debug|Any CPU
		{CB7DA117-3A15-48C3-AFFA-1B844E4D1F55}.Release|Any CPU.ActiveCfg = Release|Any CPU
		{CB7DA117-3A15-48C3-AFFA-1B844E4D1F55}.Release|Any CPU.Build.0 = Release|Any CPU
		{8577A640-27E6-44FF-8D82-6692D4F86BC1}.Debug|Any CPU.ActiveCfg = Debug|Any CPU
		{8577A640-27E6-44FF-8D82-6692D4F86BC1}.Debug|Any CPU.Build.0 = Debug|Any CPU
		{8577A640-27E6-44FF-8D82-6692D4F86BC1}.Release|Any CPU.ActiveCfg = Release|Any CPU
		{8577A640-27E6-44FF-8D82-6692D4F86BC1}.Release|Any CPU.Build.0 = Release|Any CPU
		{571D5A8C-14AF-47C7-929E-BD457B27C41C}.Debug|Any CPU.ActiveCfg = Debug|Any CPU
		{571D5A8C-14AF-47C7-929E-BD457B27C41C}.Debug|Any CPU.Build.0 = Debug|Any CPU
		{571D5A8C-14AF-47C7-929E-BD457B27C41C}.Release|Any CPU.ActiveCfg = Release|Any CPU
		{571D5A8C-14AF-47C7-929E-BD457B27C41C}.Release|Any CPU.Build.0 = Release|Any CPU
		{09EBB573-7564-4D6D-B3DB-608394E2B7B3}.Debug|Any CPU.ActiveCfg = Debug|Any CPU
		{09EBB573-7564-4D6D-B3DB-608394E2B7B3}.Debug|Any CPU.Build.0 = Debug|Any CPU
		{09EBB573-7564-4D6D-B3DB-608394E2B7B3}.Release|Any CPU.ActiveCfg = Release|Any CPU
		{09EBB573-7564-4D6D-B3DB-608394E2B7B3}.Release|Any CPU.Build.0 = Release|Any CPU
		{9AFF92A8-706F-4641-9E5F-835FA77046E2}.Debug|Any CPU.ActiveCfg = Debug|Any CPU
		{9AFF92A8-706F-4641-9E5F-835FA77046E2}.Debug|Any CPU.Build.0 = Debug|Any CPU
		{9AFF92A8-706F-4641-9E5F-835FA77046E2}.Release|Any CPU.ActiveCfg = Release|Any CPU
		{9AFF92A8-706F-4641-9E5F-835FA77046E2}.Release|Any CPU.Build.0 = Release|Any CPU
		{CB6FE3CB-D537-4146-8414-7B7581FAE1A9}.Debug|Any CPU.ActiveCfg = Debug|Any CPU
		{CB6FE3CB-D537-4146-8414-7B7581FAE1A9}.Debug|Any CPU.Build.0 = Debug|Any CPU
		{CB6FE3CB-D537-4146-8414-7B7581FAE1A9}.Release|Any CPU.ActiveCfg = Release|Any CPU
		{CB6FE3CB-D537-4146-8414-7B7581FAE1A9}.Release|Any CPU.Build.0 = Release|Any CPU
		{7713983B-C2B4-492B-AD33-8DB4DAD7336D}.Debug|Any CPU.ActiveCfg = Debug|Any CPU
		{7713983B-C2B4-492B-AD33-8DB4DAD7336D}.Debug|Any CPU.Build.0 = Debug|Any CPU
		{7713983B-C2B4-492B-AD33-8DB4DAD7336D}.Release|Any CPU.ActiveCfg = Release|Any CPU
		{7713983B-C2B4-492B-AD33-8DB4DAD7336D}.Release|Any CPU.Build.0 = Release|Any CPU
		{46FA9D4C-E393-4E53-B95F-BC0223C56793}.Debug|Any CPU.ActiveCfg = Debug|Any CPU
		{46FA9D4C-E393-4E53-B95F-BC0223C56793}.Debug|Any CPU.Build.0 = Debug|Any CPU
		{46FA9D4C-E393-4E53-B95F-BC0223C56793}.Release|Any CPU.ActiveCfg = Release|Any CPU
		{46FA9D4C-E393-4E53-B95F-BC0223C56793}.Release|Any CPU.Build.0 = Release|Any CPU
		{01E8315B-7FDD-479D-880F-3D30B6ED993F}.Debug|Any CPU.ActiveCfg = Debug|Any CPU
		{01E8315B-7FDD-479D-880F-3D30B6ED993F}.Debug|Any CPU.Build.0 = Debug|Any CPU
		{01E8315B-7FDD-479D-880F-3D30B6ED993F}.Release|Any CPU.ActiveCfg = Release|Any CPU
		{01E8315B-7FDD-479D-880F-3D30B6ED993F}.Release|Any CPU.Build.0 = Release|Any CPU
		{73D64D81-2FB8-42E3-A5D2-F4C647ED6FD1}.Debug|Any CPU.ActiveCfg = Debug|Any CPU
		{73D64D81-2FB8-42E3-A5D2-F4C647ED6FD1}.Debug|Any CPU.Build.0 = Debug|Any CPU
		{73D64D81-2FB8-42E3-A5D2-F4C647ED6FD1}.Release|Any CPU.ActiveCfg = Release|Any CPU
		{73D64D81-2FB8-42E3-A5D2-F4C647ED6FD1}.Release|Any CPU.Build.0 = Release|Any CPU
	EndGlobalSection
	GlobalSection(SolutionProperties) = preSolution
		HideSolutionNode = FALSE
	EndGlobalSection
	GlobalSection(NestedProjects) = preSolution
		{5400D353-CDEB-4EAC-9D7E-200502C06556} = {3CED4B5E-DB29-46B9-9BDE-9DBABBDC364B}
		{3E3ACB84-2601-419B-9EB8-7E289E040E62} = {3CED4B5E-DB29-46B9-9BDE-9DBABBDC364B}
		{A43920C6-7862-454D-850B-42473D39EA0B} = {3E3ACB84-2601-419B-9EB8-7E289E040E62}
		{4D5B363D-0D11-4936-8127-B65F9819AF56} = {3CED4B5E-DB29-46B9-9BDE-9DBABBDC364B}
		{AF1B9B2E-5D97-49C3-87C3-EACFCBE196BF} = {3CED4B5E-DB29-46B9-9BDE-9DBABBDC364B}
		{4C844AD1-E106-4832-9B04-F4BCAB754484} = {5400D353-CDEB-4EAC-9D7E-200502C06556}
		{CB7DA117-3A15-48C3-AFFA-1B844E4D1F55} = {5400D353-CDEB-4EAC-9D7E-200502C06556}
		{8577A640-27E6-44FF-8D82-6692D4F86BC1} = {5400D353-CDEB-4EAC-9D7E-200502C06556}
		{571D5A8C-14AF-47C7-929E-BD457B27C41C} = {5400D353-CDEB-4EAC-9D7E-200502C06556}
		{09EBB573-7564-4D6D-B3DB-608394E2B7B3} = {5400D353-CDEB-4EAC-9D7E-200502C06556}
		{F526042E-F1C9-47F4-8064-3226451AC350} = {3CED4B5E-DB29-46B9-9BDE-9DBABBDC364B}
		{9AFF92A8-706F-4641-9E5F-835FA77046E2} = {F526042E-F1C9-47F4-8064-3226451AC350}
		{CB6FE3CB-D537-4146-8414-7B7581FAE1A9} = {F526042E-F1C9-47F4-8064-3226451AC350}
		{16EA6930-A98C-42CE-ADEC-2642E2F32FF6} = {3CED4B5E-DB29-46B9-9BDE-9DBABBDC364B}
		{7713983B-C2B4-492B-AD33-8DB4DAD7336D} = {16EA6930-A98C-42CE-ADEC-2642E2F32FF6}
		{46FA9D4C-E393-4E53-B95F-BC0223C56793} = {3E3ACB84-2601-419B-9EB8-7E289E040E62}
		{6EE8B34B-8E30-4F48-9CDF-35B1147C9ECD} = {3CED4B5E-DB29-46B9-9BDE-9DBABBDC364B}
		{01E8315B-7FDD-479D-880F-3D30B6ED993F} = {6EE8B34B-8E30-4F48-9CDF-35B1147C9ECD}
		{73D64D81-2FB8-42E3-A5D2-F4C647ED6FD1} = {F526042E-F1C9-47F4-8064-3226451AC350}
	EndGlobalSection
	GlobalSection(ExtensibilityGlobals) = postSolution
		SolutionGuid = {01AF1302-5F96-4861-B6E3-1EB2D0470670}
	EndGlobalSection
EndGlobal
